// !$*UTF8*$!
{
	archiveVersion = 1;
	classes = {
	};
	objectVersion = 50;
	objects = {

/* Begin PBXBuildFile section */
		010BC26E213D914900530B2D /* LebensfitTabBarController.swift in Sources */ = {isa = PBXBuildFile; fileRef = 010BC26D213D914900530B2D /* LebensfitTabBarController.swift */; };
		010BC274213D920900530B2D /* ProfileController.swift in Sources */ = {isa = PBXBuildFile; fileRef = 010BC270213D920800530B2D /* ProfileController.swift */; };
		010BC275213D920900530B2D /* MapController.swift in Sources */ = {isa = PBXBuildFile; fileRef = 010BC271213D920800530B2D /* MapController.swift */; };
		010BC276213D920900530B2D /* HomeController.swift in Sources */ = {isa = PBXBuildFile; fileRef = 010BC272213D920800530B2D /* HomeController.swift */; };
		010BC277213D920900530B2D /* TerminController.swift in Sources */ = {isa = PBXBuildFile; fileRef = 010BC273213D920800530B2D /* TerminController.swift */; };
		010BC279213D924A00530B2D /* LebensfitSettings.swift in Sources */ = {isa = PBXBuildFile; fileRef = 010BC278213D924A00530B2D /* LebensfitSettings.swift */; };
		010BC27C213D926800530B2D /* ActivityCell.swift in Sources */ = {isa = PBXBuildFile; fileRef = 010BC27A213D926800530B2D /* ActivityCell.swift */; };
		010BC27D213D926800530B2D /* BaseCell.swift in Sources */ = {isa = PBXBuildFile; fileRef = 010BC27B213D926800530B2D /* BaseCell.swift */; };
		010BC280213D928E00530B2D /* ReuseableView.swift in Sources */ = {isa = PBXBuildFile; fileRef = 010BC27E213D928E00530B2D /* ReuseableView.swift */; };
		010BC281213D928E00530B2D /* ReuseableViewCtr.swift in Sources */ = {isa = PBXBuildFile; fileRef = 010BC27F213D928E00530B2D /* ReuseableViewCtr.swift */; };
		010BC283213D92C600530B2D /* HELG+UIColor.swift in Sources */ = {isa = PBXBuildFile; fileRef = 010BC282213D92C600530B2D /* HELG+UIColor.swift */; };
		010BC285213D92F100530B2D /* LebensfitNavigation.swift in Sources */ = {isa = PBXBuildFile; fileRef = 010BC284213D92F100530B2D /* LebensfitNavigation.swift */; };
		0120D636213D982300B007E7 /* CustomAnchor.swift in Sources */ = {isa = PBXBuildFile; fileRef = 0120D635213D982300B007E7 /* CustomAnchor.swift */; };
		01462E45213FDA9600D4144B /* CalendarSettings.swift in Sources */ = {isa = PBXBuildFile; fileRef = 01462E44213FDA9600D4144B /* CalendarSettings.swift */; };
		01462E49213FDE2E00D4144B /* MonthOverView.swift in Sources */ = {isa = PBXBuildFile; fileRef = 01462E48213FDE2E00D4144B /* MonthOverView.swift */; };
		01462E4B213FF03000D4144B /* WeekdayView.swift in Sources */ = {isa = PBXBuildFile; fileRef = 01462E4A213FF03000D4144B /* WeekdayView.swift */; };
		01462E4F213FF1E100D4144B /* CalendarView.swift in Sources */ = {isa = PBXBuildFile; fileRef = 01462E4E213FF1E100D4144B /* CalendarView.swift */; };
		01462E51213FF50300D4144B /* DateCell.swift in Sources */ = {isa = PBXBuildFile; fileRef = 01462E50213FF50300D4144B /* DateCell.swift */; };
		01462E53213FF5A000D4144B /* CalendarExtensions.swift in Sources */ = {isa = PBXBuildFile; fileRef = 01462E52213FF5A000D4144B /* CalendarExtensions.swift */; };
		01462E562140285B00D4144B /* EventController.swift in Sources */ = {isa = PBXBuildFile; fileRef = 01462E552140285B00D4144B /* EventController.swift */; };
		0153FAAE2140FE8600D1B5BB /* EventCell.swift in Sources */ = {isa = PBXBuildFile; fileRef = 0153FAAD2140FE8600D1B5BB /* EventCell.swift */; };
		0153FAB021410F3E00D1B5BB /* EventSettings.swift in Sources */ = {isa = PBXBuildFile; fileRef = 0153FAAF21410F3E00D1B5BB /* EventSettings.swift */; };
		0153FAB22141437E00D1B5BB /* EventTableController.swift in Sources */ = {isa = PBXBuildFile; fileRef = 0153FAB12141437E00D1B5BB /* EventTableController.swift */; };
		0153FAD92141781A00D1B5BB /* WeekView.swift in Sources */ = {isa = PBXBuildFile; fileRef = 0153FAD82141781A00D1B5BB /* WeekView.swift */; };
		016BA89C213D777500ADAA65 /* AppDelegate.swift in Sources */ = {isa = PBXBuildFile; fileRef = 016BA89B213D777500ADAA65 /* AppDelegate.swift */; };
		016BA89E213D777500ADAA65 /* SignUpController.swift in Sources */ = {isa = PBXBuildFile; fileRef = 016BA89D213D777500ADAA65 /* SignUpController.swift */; };
		016BA8A1213D777500ADAA65 /* Main.storyboard in Resources */ = {isa = PBXBuildFile; fileRef = 016BA89F213D777500ADAA65 /* Main.storyboard */; };
		016BA8A4213D777500ADAA65 /* LebensfitFirebase.xcdatamodeld in Sources */ = {isa = PBXBuildFile; fileRef = 016BA8A2213D777500ADAA65 /* LebensfitFirebase.xcdatamodeld */; };
		016BA8A6213D777600ADAA65 /* Assets.xcassets in Resources */ = {isa = PBXBuildFile; fileRef = 016BA8A5213D777600ADAA65 /* Assets.xcassets */; };
		016BA8A9213D777600ADAA65 /* LaunchScreen.storyboard in Resources */ = {isa = PBXBuildFile; fileRef = 016BA8A7213D777600ADAA65 /* LaunchScreen.storyboard */; };
		016BA8B1213D784500ADAA65 /* GoogleService-Info.plist in Resources */ = {isa = PBXBuildFile; fileRef = 016BA8B0213D784500ADAA65 /* GoogleService-Info.plist */; };
		016DA58021425ABE00B07F69 /* WeekDayHeader.swift in Sources */ = {isa = PBXBuildFile; fileRef = 016DA57F21425ABE00B07F69 /* WeekDayHeader.swift */; };
		016DA582214272B100B07F69 /* POPShakeable.swift in Sources */ = {isa = PBXBuildFile; fileRef = 016DA581214272B100B07F69 /* POPShakeable.swift */; };
		016DA584214275B700B07F69 /* WeekOverVIew.swift in Sources */ = {isa = PBXBuildFile; fileRef = 016DA583214275B700B07F69 /* WeekOverVIew.swift */; };
		01861041213E6AFE0037DADB /* ProfileHeader.swift in Sources */ = {isa = PBXBuildFile; fileRef = 01861040213E6AFE0037DADB /* ProfileHeader.swift */; };
		01861043213E6E170037DADB /* UserStruct.swift in Sources */ = {isa = PBXBuildFile; fileRef = 01861042213E6E170037DADB /* UserStruct.swift */; };
		01861047213E9EC90037DADB /* LoginController.swift in Sources */ = {isa = PBXBuildFile; fileRef = 01861046213E9EC90037DADB /* LoginController.swift */; };
		0186104C213EA6BE0037DADB /* HELG+UIView.swift in Sources */ = {isa = PBXBuildFile; fileRef = 0186104B213EA6BE0037DADB /* HELG+UIView.swift */; };
		0186104E213ECAEC0037DADB /* ProfileFooter.swift in Sources */ = {isa = PBXBuildFile; fileRef = 0186104D213ECAEC0037DADB /* ProfileFooter.swift */; };
		0186319C2146696900E5A9C2 /* HELG+Tableview.swift in Sources */ = {isa = PBXBuildFile; fileRef = 0186319B2146696900E5A9C2 /* HELG+Tableview.swift */; };
		FEC1CD6687B7221AD4A604A4 /* Pods_LebensfitFirebase.framework in Frameworks */ = {isa = PBXBuildFile; fileRef = D943DEA390B7685A33F6345E /* Pods_LebensfitFirebase.framework */; };
		FECC8FB32143306A007F3F3F /* POPMorse.swift in Sources */ = {isa = PBXBuildFile; fileRef = FECC8FB22143306A007F3F3F /* POPMorse.swift */; };
		FECC8FB521455430007F3F3F /* HELG+Date.swift in Sources */ = {isa = PBXBuildFile; fileRef = FECC8FB421455430007F3F3F /* HELG+Date.swift */; };
		FECC8FB721455C46007F3F3F /* EventTableCell.swift in Sources */ = {isa = PBXBuildFile; fileRef = FECC8FB621455C46007F3F3F /* EventTableCell.swift */; };
/* End PBXBuildFile section */

/* Begin PBXFileReference section */
		010BC26D213D914900530B2D /* LebensfitTabBarController.swift */ = {isa = PBXFileReference; fileEncoding = 4; lastKnownFileType = sourcecode.swift; path = LebensfitTabBarController.swift; sourceTree = "<group>"; };
		010BC270213D920800530B2D /* ProfileController.swift */ = {isa = PBXFileReference; fileEncoding = 4; lastKnownFileType = sourcecode.swift; path = ProfileController.swift; sourceTree = "<group>"; };
		010BC271213D920800530B2D /* MapController.swift */ = {isa = PBXFileReference; fileEncoding = 4; lastKnownFileType = sourcecode.swift; path = MapController.swift; sourceTree = "<group>"; };
		010BC272213D920800530B2D /* HomeController.swift */ = {isa = PBXFileReference; fileEncoding = 4; lastKnownFileType = sourcecode.swift; path = HomeController.swift; sourceTree = "<group>"; };
		010BC273213D920800530B2D /* TerminController.swift */ = {isa = PBXFileReference; fileEncoding = 4; lastKnownFileType = sourcecode.swift; path = TerminController.swift; sourceTree = "<group>"; };
		010BC278213D924A00530B2D /* LebensfitSettings.swift */ = {isa = PBXFileReference; fileEncoding = 4; lastKnownFileType = sourcecode.swift; path = LebensfitSettings.swift; sourceTree = "<group>"; };
		010BC27A213D926800530B2D /* ActivityCell.swift */ = {isa = PBXFileReference; fileEncoding = 4; lastKnownFileType = sourcecode.swift; path = ActivityCell.swift; sourceTree = "<group>"; };
		010BC27B213D926800530B2D /* BaseCell.swift */ = {isa = PBXFileReference; fileEncoding = 4; lastKnownFileType = sourcecode.swift; path = BaseCell.swift; sourceTree = "<group>"; };
		010BC27E213D928E00530B2D /* ReuseableView.swift */ = {isa = PBXFileReference; fileEncoding = 4; lastKnownFileType = sourcecode.swift; path = ReuseableView.swift; sourceTree = "<group>"; };
		010BC27F213D928E00530B2D /* ReuseableViewCtr.swift */ = {isa = PBXFileReference; fileEncoding = 4; lastKnownFileType = sourcecode.swift; path = ReuseableViewCtr.swift; sourceTree = "<group>"; };
		010BC282213D92C600530B2D /* HELG+UIColor.swift */ = {isa = PBXFileReference; fileEncoding = 4; lastKnownFileType = sourcecode.swift; path = "HELG+UIColor.swift"; sourceTree = "<group>"; };
		010BC284213D92F100530B2D /* LebensfitNavigation.swift */ = {isa = PBXFileReference; fileEncoding = 4; lastKnownFileType = sourcecode.swift; path = LebensfitNavigation.swift; sourceTree = "<group>"; };
		0120D635213D982300B007E7 /* CustomAnchor.swift */ = {isa = PBXFileReference; lastKnownFileType = sourcecode.swift; path = CustomAnchor.swift; sourceTree = "<group>"; };
		01462E44213FDA9600D4144B /* CalendarSettings.swift */ = {isa = PBXFileReference; lastKnownFileType = sourcecode.swift; path = CalendarSettings.swift; sourceTree = "<group>"; };
		01462E48213FDE2E00D4144B /* MonthOverView.swift */ = {isa = PBXFileReference; lastKnownFileType = sourcecode.swift; path = MonthOverView.swift; sourceTree = "<group>"; };
		01462E4A213FF03000D4144B /* WeekdayView.swift */ = {isa = PBXFileReference; lastKnownFileType = sourcecode.swift; path = WeekdayView.swift; sourceTree = "<group>"; };
		01462E4E213FF1E100D4144B /* CalendarView.swift */ = {isa = PBXFileReference; lastKnownFileType = sourcecode.swift; path = CalendarView.swift; sourceTree = "<group>"; };
		01462E50213FF50300D4144B /* DateCell.swift */ = {isa = PBXFileReference; lastKnownFileType = sourcecode.swift; path = DateCell.swift; sourceTree = "<group>"; };
		01462E52213FF5A000D4144B /* CalendarExtensions.swift */ = {isa = PBXFileReference; lastKnownFileType = sourcecode.swift; path = CalendarExtensions.swift; sourceTree = "<group>"; };
		01462E552140285B00D4144B /* EventController.swift */ = {isa = PBXFileReference; lastKnownFileType = sourcecode.swift; path = EventController.swift; sourceTree = "<group>"; };
		0153FAAD2140FE8600D1B5BB /* EventCell.swift */ = {isa = PBXFileReference; lastKnownFileType = sourcecode.swift; path = EventCell.swift; sourceTree = "<group>"; };
		0153FAAF21410F3E00D1B5BB /* EventSettings.swift */ = {isa = PBXFileReference; lastKnownFileType = sourcecode.swift; path = EventSettings.swift; sourceTree = "<group>"; };
		0153FAB12141437E00D1B5BB /* EventTableController.swift */ = {isa = PBXFileReference; lastKnownFileType = sourcecode.swift; path = EventTableController.swift; sourceTree = "<group>"; };
		0153FAD82141781A00D1B5BB /* WeekView.swift */ = {isa = PBXFileReference; lastKnownFileType = sourcecode.swift; path = WeekView.swift; sourceTree = "<group>"; };
		016BA898213D777500ADAA65 /* LebensfitFirebase.app */ = {isa = PBXFileReference; explicitFileType = wrapper.application; includeInIndex = 0; path = LebensfitFirebase.app; sourceTree = BUILT_PRODUCTS_DIR; };
		016BA89B213D777500ADAA65 /* AppDelegate.swift */ = {isa = PBXFileReference; lastKnownFileType = sourcecode.swift; path = AppDelegate.swift; sourceTree = "<group>"; };
		016BA89D213D777500ADAA65 /* SignUpController.swift */ = {isa = PBXFileReference; lastKnownFileType = sourcecode.swift; path = SignUpController.swift; sourceTree = "<group>"; };
		016BA8A0213D777500ADAA65 /* Base */ = {isa = PBXFileReference; lastKnownFileType = file.storyboard; name = Base; path = Base.lproj/Main.storyboard; sourceTree = "<group>"; };
		016BA8A3213D777500ADAA65 /* LebensfitFirebase.xcdatamodel */ = {isa = PBXFileReference; lastKnownFileType = wrapper.xcdatamodel; path = LebensfitFirebase.xcdatamodel; sourceTree = "<group>"; };
		016BA8A5213D777600ADAA65 /* Assets.xcassets */ = {isa = PBXFileReference; lastKnownFileType = folder.assetcatalog; path = Assets.xcassets; sourceTree = "<group>"; };
		016BA8A8213D777600ADAA65 /* Base */ = {isa = PBXFileReference; lastKnownFileType = file.storyboard; name = Base; path = Base.lproj/LaunchScreen.storyboard; sourceTree = "<group>"; };
		016BA8AA213D777600ADAA65 /* Info.plist */ = {isa = PBXFileReference; lastKnownFileType = text.plist.xml; path = Info.plist; sourceTree = "<group>"; };
		016BA8B0213D784500ADAA65 /* GoogleService-Info.plist */ = {isa = PBXFileReference; fileEncoding = 4; lastKnownFileType = text.plist.xml; path = "GoogleService-Info.plist"; sourceTree = "<group>"; };
		016DA57F21425ABE00B07F69 /* WeekDayHeader.swift */ = {isa = PBXFileReference; lastKnownFileType = sourcecode.swift; path = WeekDayHeader.swift; sourceTree = "<group>"; };
		016DA581214272B100B07F69 /* POPShakeable.swift */ = {isa = PBXFileReference; lastKnownFileType = sourcecode.swift; path = POPShakeable.swift; sourceTree = "<group>"; };
		016DA583214275B700B07F69 /* WeekOverVIew.swift */ = {isa = PBXFileReference; lastKnownFileType = sourcecode.swift; path = WeekOverVIew.swift; sourceTree = "<group>"; };
		01861040213E6AFE0037DADB /* ProfileHeader.swift */ = {isa = PBXFileReference; lastKnownFileType = sourcecode.swift; path = ProfileHeader.swift; sourceTree = "<group>"; };
		01861042213E6E170037DADB /* UserStruct.swift */ = {isa = PBXFileReference; lastKnownFileType = sourcecode.swift; path = UserStruct.swift; sourceTree = "<group>"; };
		01861046213E9EC90037DADB /* LoginController.swift */ = {isa = PBXFileReference; lastKnownFileType = sourcecode.swift; path = LoginController.swift; sourceTree = "<group>"; };
		0186104B213EA6BE0037DADB /* HELG+UIView.swift */ = {isa = PBXFileReference; lastKnownFileType = sourcecode.swift; path = "HELG+UIView.swift"; sourceTree = "<group>"; };
		0186104D213ECAEC0037DADB /* ProfileFooter.swift */ = {isa = PBXFileReference; lastKnownFileType = sourcecode.swift; path = ProfileFooter.swift; sourceTree = "<group>"; };
		0186319B2146696900E5A9C2 /* HELG+Tableview.swift */ = {isa = PBXFileReference; lastKnownFileType = sourcecode.swift; path = "HELG+Tableview.swift"; sourceTree = "<group>"; };
		2CC9A73F3DA6AA3C374BD2FB /* Pods-LebensfitFirebase.debug.xcconfig */ = {isa = PBXFileReference; includeInIndex = 1; lastKnownFileType = text.xcconfig; name = "Pods-LebensfitFirebase.debug.xcconfig"; path = "Pods/Target Support Files/Pods-LebensfitFirebase/Pods-LebensfitFirebase.debug.xcconfig"; sourceTree = "<group>"; };
		5EC62E27B26362BB6A9BEDCE /* Pods-LebensfitFirebase.release.xcconfig */ = {isa = PBXFileReference; includeInIndex = 1; lastKnownFileType = text.xcconfig; name = "Pods-LebensfitFirebase.release.xcconfig"; path = "Pods/Target Support Files/Pods-LebensfitFirebase/Pods-LebensfitFirebase.release.xcconfig"; sourceTree = "<group>"; };
		D943DEA390B7685A33F6345E /* Pods_LebensfitFirebase.framework */ = {isa = PBXFileReference; explicitFileType = wrapper.framework; includeInIndex = 0; path = Pods_LebensfitFirebase.framework; sourceTree = BUILT_PRODUCTS_DIR; };
		FECC8FB22143306A007F3F3F /* POPMorse.swift */ = {isa = PBXFileReference; lastKnownFileType = sourcecode.swift; path = POPMorse.swift; sourceTree = "<group>"; };
		FECC8FB421455430007F3F3F /* HELG+Date.swift */ = {isa = PBXFileReference; lastKnownFileType = sourcecode.swift; path = "HELG+Date.swift"; sourceTree = "<group>"; };
		FECC8FB621455C46007F3F3F /* EventTableCell.swift */ = {isa = PBXFileReference; lastKnownFileType = sourcecode.swift; path = EventTableCell.swift; sourceTree = "<group>"; };
/* End PBXFileReference section */

/* Begin PBXFrameworksBuildPhase section */
		016BA895213D777500ADAA65 /* Frameworks */ = {
			isa = PBXFrameworksBuildPhase;
			buildActionMask = 2147483647;
			files = (
				FEC1CD6687B7221AD4A604A4 /* Pods_LebensfitFirebase.framework in Frameworks */,
			);
			runOnlyForDeploymentPostprocessing = 0;
		};
/* End PBXFrameworksBuildPhase section */

/* Begin PBXGroup section */
		010165E0213D7A290025BB3F /* Extensions */ = {
			isa = PBXGroup;
			children = (
				010BC282213D92C600530B2D /* HELG+UIColor.swift */,
				0186319B2146696900E5A9C2 /* HELG+Tableview.swift */,
				0186104B213EA6BE0037DADB /* HELG+UIView.swift */,
				FECC8FB421455430007F3F3F /* HELG+Date.swift */,
				016DA581214272B100B07F69 /* POPShakeable.swift */,
				FECC8FB22143306A007F3F3F /* POPMorse.swift */,
				010BC27E213D928E00530B2D /* ReuseableView.swift */,
				010BC27F213D928E00530B2D /* ReuseableViewCtr.swift */,
				010BC278213D924A00530B2D /* LebensfitSettings.swift */,
				0120D635213D982300B007E7 /* CustomAnchor.swift */,
			);
			path = Extensions;
			sourceTree = "<group>";
		};
		010BC26F213D91D900530B2D /* Tabs */ = {
			isa = PBXGroup;
			children = (
				0186103B213E6A1E0037DADB /* Kalender */,
				0186103C213E6A250037DADB /* Home */,
				0186103D213E6A2D0037DADB /* Karte */,
				0186103E213E6A340037DADB /* Profil */,
			);
			path = Tabs;
			sourceTree = "<group>";
		};
		0120D634213D97A000B007E7 /* Navigation */ = {
			isa = PBXGroup;
			children = (
				010BC26D213D914900530B2D /* LebensfitTabBarController.swift */,
				010BC284213D92F100530B2D /* LebensfitNavigation.swift */,
			);
			path = Navigation;
			sourceTree = "<group>";
		};
		01462E542140283B00D4144B /* Event_old */ = {
			isa = PBXGroup;
			children = (
				01462E552140285B00D4144B /* EventController.swift */,
				0153FAB12141437E00D1B5BB /* EventTableController.swift */,
				0153FAAD2140FE8600D1B5BB /* EventCell.swift */,
				0153FAAF21410F3E00D1B5BB /* EventSettings.swift */,
			);
			path = Event_old;
			sourceTree = "<group>";
		};
		0153FAD62141778F00D1B5BB /* Month */ = {
			isa = PBXGroup;
			children = (
				01462E48213FDE2E00D4144B /* MonthOverView.swift */,
				01462E4A213FF03000D4144B /* WeekdayView.swift */,
				01462E4E213FF1E100D4144B /* CalendarView.swift */,
				01462E50213FF50300D4144B /* DateCell.swift */,
			);
			path = Month;
			sourceTree = "<group>";
		};
		0153FAD7214177AE00D1B5BB /* Week */ = {
			isa = PBXGroup;
			children = (
				016DA583214275B700B07F69 /* WeekOverVIew.swift */,
				0153FAD82141781A00D1B5BB /* WeekView.swift */,
				016DA57F21425ABE00B07F69 /* WeekDayHeader.swift */,
				FECC8FB621455C46007F3F3F /* EventTableCell.swift */,
			);
			path = Week;
			sourceTree = "<group>";
		};
		016BA88F213D777500ADAA65 = {
			isa = PBXGroup;
			children = (
				016BA89A213D777500ADAA65 /* LebensfitFirebase */,
				016BA899213D777500ADAA65 /* Products */,
				DED9122C82B3D5CE2EB70D3A /* Pods */,
				B35E74DF060C89DA6DCEF440 /* Frameworks */,
			);
			sourceTree = "<group>";
		};
		016BA899213D777500ADAA65 /* Products */ = {
			isa = PBXGroup;
			children = (
				016BA898213D777500ADAA65 /* LebensfitFirebase.app */,
			);
			name = Products;
			sourceTree = "<group>";
		};
		016BA89A213D777500ADAA65 /* LebensfitFirebase */ = {
			isa = PBXGroup;
			children = (
				0186103F213E6A8D0037DADB /* SystemFiles */,
				0186104A213EA5480037DADB /* Login */,
				0120D634213D97A000B007E7 /* Navigation */,
				010BC26F213D91D900530B2D /* Tabs */,
				010165E0213D7A290025BB3F /* Extensions */,
				010BC27B213D926800530B2D /* BaseCell.swift */,
				016BA8AA213D777600ADAA65 /* Info.plist */,
				016BA8A2213D777500ADAA65 /* LebensfitFirebase.xcdatamodeld */,
				016BA8B0213D784500ADAA65 /* GoogleService-Info.plist */,
			);
			path = LebensfitFirebase;
			sourceTree = "<group>";
		};
		0186103B213E6A1E0037DADB /* Kalender */ = {
			isa = PBXGroup;
			children = (
				010BC273213D920800530B2D /* TerminController.swift */,
				01462E52213FF5A000D4144B /* CalendarExtensions.swift */,
				01462E44213FDA9600D4144B /* CalendarSettings.swift */,
				0153FAD62141778F00D1B5BB /* Month */,
				0153FAD7214177AE00D1B5BB /* Week */,
				01462E542140283B00D4144B /* Event_old */,
			);
			path = Kalender;
			sourceTree = "<group>";
		};
		0186103C213E6A250037DADB /* Home */ = {
			isa = PBXGroup;
			children = (
				010BC272213D920800530B2D /* HomeController.swift */,
				010BC27A213D926800530B2D /* ActivityCell.swift */,
			);
			path = Home;
			sourceTree = "<group>";
		};
		0186103D213E6A2D0037DADB /* Karte */ = {
			isa = PBXGroup;
			children = (
				010BC271213D920800530B2D /* MapController.swift */,
			);
			path = Karte;
			sourceTree = "<group>";
		};
		0186103E213E6A340037DADB /* Profil */ = {
			isa = PBXGroup;
			children = (
				010BC270213D920800530B2D /* ProfileController.swift */,
				01861040213E6AFE0037DADB /* ProfileHeader.swift */,
				0186104D213ECAEC0037DADB /* ProfileFooter.swift */,
				01861042213E6E170037DADB /* UserStruct.swift */,
			);
			path = Profil;
			sourceTree = "<group>";
		};
		0186103F213E6A8D0037DADB /* SystemFiles */ = {
			isa = PBXGroup;
			children = (
				016BA89B213D777500ADAA65 /* AppDelegate.swift */,
				016BA89F213D777500ADAA65 /* Main.storyboard */,
				016BA8A5213D777600ADAA65 /* Assets.xcassets */,
				016BA8A7213D777600ADAA65 /* LaunchScreen.storyboard */,
			);
			path = SystemFiles;
			sourceTree = "<group>";
		};
		0186104A213EA5480037DADB /* Login */ = {
			isa = PBXGroup;
			children = (
				01861046213E9EC90037DADB /* LoginController.swift */,
				016BA89D213D777500ADAA65 /* SignUpController.swift */,
			);
			path = Login;
			sourceTree = "<group>";
		};
		B35E74DF060C89DA6DCEF440 /* Frameworks */ = {
			isa = PBXGroup;
			children = (
				D943DEA390B7685A33F6345E /* Pods_LebensfitFirebase.framework */,
			);
			name = Frameworks;
			sourceTree = "<group>";
		};
		DED9122C82B3D5CE2EB70D3A /* Pods */ = {
			isa = PBXGroup;
			children = (
				2CC9A73F3DA6AA3C374BD2FB /* Pods-LebensfitFirebase.debug.xcconfig */,
				5EC62E27B26362BB6A9BEDCE /* Pods-LebensfitFirebase.release.xcconfig */,
			);
			name = Pods;
			sourceTree = "<group>";
		};
/* End PBXGroup section */

/* Begin PBXNativeTarget section */
		016BA897213D777500ADAA65 /* LebensfitFirebase */ = {
			isa = PBXNativeTarget;
			buildConfigurationList = 016BA8AD213D777600ADAA65 /* Build configuration list for PBXNativeTarget "LebensfitFirebase" */;
			buildPhases = (
				68C9D6F20A696AB9A2E7B80E /* [CP] Check Pods Manifest.lock */,
				016BA894213D777500ADAA65 /* Sources */,
				016BA895213D777500ADAA65 /* Frameworks */,
				016BA896213D777500ADAA65 /* Resources */,
				27E2C86D229DC83A0E8AE836 /* [CP] Embed Pods Frameworks */,
			);
			buildRules = (
			);
			dependencies = (
			);
			name = LebensfitFirebase;
			productName = LebensfitFirebase;
			productReference = 016BA898213D777500ADAA65 /* LebensfitFirebase.app */;
			productType = "com.apple.product-type.application";
		};
/* End PBXNativeTarget section */

/* Begin PBXProject section */
		016BA890213D777500ADAA65 /* Project object */ = {
			isa = PBXProject;
			attributes = {
				LastSwiftUpdateCheck = 0940;
				LastUpgradeCheck = 0940;
				ORGANIZATIONNAME = helgcreating;
				TargetAttributes = {
					016BA897213D777500ADAA65 = {
						CreatedOnToolsVersion = 9.4.1;
					};
				};
			};
			buildConfigurationList = 016BA893213D777500ADAA65 /* Build configuration list for PBXProject "LebensfitFirebase" */;
			compatibilityVersion = "Xcode 9.3";
			developmentRegion = en;
			hasScannedForEncodings = 0;
			knownRegions = (
				en,
				Base,
			);
			mainGroup = 016BA88F213D777500ADAA65;
			productRefGroup = 016BA899213D777500ADAA65 /* Products */;
			projectDirPath = "";
			projectRoot = "";
			targets = (
				016BA897213D777500ADAA65 /* LebensfitFirebase */,
			);
		};
/* End PBXProject section */

/* Begin PBXResourcesBuildPhase section */
		016BA896213D777500ADAA65 /* Resources */ = {
			isa = PBXResourcesBuildPhase;
			buildActionMask = 2147483647;
			files = (
				016BA8A9213D777600ADAA65 /* LaunchScreen.storyboard in Resources */,
				016BA8B1213D784500ADAA65 /* GoogleService-Info.plist in Resources */,
				016BA8A6213D777600ADAA65 /* Assets.xcassets in Resources */,
				016BA8A1213D777500ADAA65 /* Main.storyboard in Resources */,
			);
			runOnlyForDeploymentPostprocessing = 0;
		};
/* End PBXResourcesBuildPhase section */

/* Begin PBXShellScriptBuildPhase section */
		27E2C86D229DC83A0E8AE836 /* [CP] Embed Pods Frameworks */ = {
			isa = PBXShellScriptBuildPhase;
			buildActionMask = 2147483647;
			files = (
			);
			inputPaths = (
				"${SRCROOT}/Pods/Target Support Files/Pods-LebensfitFirebase/Pods-LebensfitFirebase-frameworks.sh",
				"${BUILT_PRODUCTS_DIR}/GTMSessionFetcher/GTMSessionFetcher.framework",
				"${BUILT_PRODUCTS_DIR}/GoogleUtilities/GoogleUtilities.framework",
				"${BUILT_PRODUCTS_DIR}/leveldb-library/leveldb.framework",
			);
			name = "[CP] Embed Pods Frameworks";
			outputPaths = (
				"${TARGET_BUILD_DIR}/${FRAMEWORKS_FOLDER_PATH}/GTMSessionFetcher.framework",
				"${TARGET_BUILD_DIR}/${FRAMEWORKS_FOLDER_PATH}/GoogleUtilities.framework",
				"${TARGET_BUILD_DIR}/${FRAMEWORKS_FOLDER_PATH}/leveldb.framework",
			);
			runOnlyForDeploymentPostprocessing = 0;
			shellPath = /bin/sh;
			shellScript = "\"${SRCROOT}/Pods/Target Support Files/Pods-LebensfitFirebase/Pods-LebensfitFirebase-frameworks.sh\"\n";
			showEnvVarsInLog = 0;
		};
		68C9D6F20A696AB9A2E7B80E /* [CP] Check Pods Manifest.lock */ = {
			isa = PBXShellScriptBuildPhase;
			buildActionMask = 2147483647;
			files = (
			);
			inputPaths = (
				"${PODS_PODFILE_DIR_PATH}/Podfile.lock",
				"${PODS_ROOT}/Manifest.lock",
			);
			name = "[CP] Check Pods Manifest.lock";
			outputPaths = (
				"$(DERIVED_FILE_DIR)/Pods-LebensfitFirebase-checkManifestLockResult.txt",
			);
			runOnlyForDeploymentPostprocessing = 0;
			shellPath = /bin/sh;
			shellScript = "diff \"${PODS_PODFILE_DIR_PATH}/Podfile.lock\" \"${PODS_ROOT}/Manifest.lock\" > /dev/null\nif [ $? != 0 ] ; then\n    # print error to STDERR\n    echo \"error: The sandbox is not in sync with the Podfile.lock. Run 'pod install' or update your CocoaPods installation.\" >&2\n    exit 1\nfi\n# This output is used by Xcode 'outputs' to avoid re-running this script phase.\necho \"SUCCESS\" > \"${SCRIPT_OUTPUT_FILE_0}\"\n";
			showEnvVarsInLog = 0;
		};
/* End PBXShellScriptBuildPhase section */

/* Begin PBXSourcesBuildPhase section */
		016BA894213D777500ADAA65 /* Sources */ = {
			isa = PBXSourcesBuildPhase;
			buildActionMask = 2147483647;
			files = (
				01861047213E9EC90037DADB /* LoginController.swift in Sources */,
				010BC27C213D926800530B2D /* ActivityCell.swift in Sources */,
				016BA89E213D777500ADAA65 /* SignUpController.swift in Sources */,
				010BC279213D924A00530B2D /* LebensfitSettings.swift in Sources */,
				0186104E213ECAEC0037DADB /* ProfileFooter.swift in Sources */,
				01462E51213FF50300D4144B /* DateCell.swift in Sources */,
				0186319C2146696900E5A9C2 /* HELG+Tableview.swift in Sources */,
				01462E4F213FF1E100D4144B /* CalendarView.swift in Sources */,
				01861043213E6E170037DADB /* UserStruct.swift in Sources */,
				016DA582214272B100B07F69 /* POPShakeable.swift in Sources */,
				0120D636213D982300B007E7 /* CustomAnchor.swift in Sources */,
				010BC275213D920900530B2D /* MapController.swift in Sources */,
				010BC27D213D926800530B2D /* BaseCell.swift in Sources */,
				016DA584214275B700B07F69 /* WeekOverVIew.swift in Sources */,
				0153FAB021410F3E00D1B5BB /* EventSettings.swift in Sources */,
				010BC281213D928E00530B2D /* ReuseableViewCtr.swift in Sources */,
				01462E45213FDA9600D4144B /* CalendarSettings.swift in Sources */,
				01462E53213FF5A000D4144B /* CalendarExtensions.swift in Sources */,
				016BA89C213D777500ADAA65 /* AppDelegate.swift in Sources */,
				0153FAD92141781A00D1B5BB /* WeekView.swift in Sources */,
				010BC26E213D914900530B2D /* LebensfitTabBarController.swift in Sources */,
				010BC280213D928E00530B2D /* ReuseableView.swift in Sources */,
				01861041213E6AFE0037DADB /* ProfileHeader.swift in Sources */,
				FECC8FB521455430007F3F3F /* HELG+Date.swift in Sources */,
				FECC8FB721455C46007F3F3F /* EventTableCell.swift in Sources */,
				01462E4B213FF03000D4144B /* WeekdayView.swift in Sources */,
				010BC276213D920900530B2D /* HomeController.swift in Sources */,
				010BC283213D92C600530B2D /* HELG+UIColor.swift in Sources */,
				016BA8A4213D777500ADAA65 /* LebensfitFirebase.xcdatamodeld in Sources */,
				01462E49213FDE2E00D4144B /* MonthOverView.swift in Sources */,
				0153FAAE2140FE8600D1B5BB /* EventCell.swift in Sources */,
				0153FAB22141437E00D1B5BB /* EventTableController.swift in Sources */,
				0186104C213EA6BE0037DADB /* HELG+UIView.swift in Sources */,
				010BC277213D920900530B2D /* TerminController.swift in Sources */,
				010BC285213D92F100530B2D /* LebensfitNavigation.swift in Sources */,
				01462E562140285B00D4144B /* EventController.swift in Sources */,
				010BC274213D920900530B2D /* ProfileController.swift in Sources */,
				FECC8FB32143306A007F3F3F /* POPMorse.swift in Sources */,
				016DA58021425ABE00B07F69 /* WeekDayHeader.swift in Sources */,
			);
			runOnlyForDeploymentPostprocessing = 0;
		};
/* End PBXSourcesBuildPhase section */

/* Begin PBXVariantGroup section */
		016BA89F213D777500ADAA65 /* Main.storyboard */ = {
			isa = PBXVariantGroup;
			children = (
				016BA8A0213D777500ADAA65 /* Base */,
			);
			name = Main.storyboard;
			sourceTree = "<group>";
		};
		016BA8A7213D777600ADAA65 /* LaunchScreen.storyboard */ = {
			isa = PBXVariantGroup;
			children = (
				016BA8A8213D777600ADAA65 /* Base */,
			);
			name = LaunchScreen.storyboard;
			sourceTree = "<group>";
		};
/* End PBXVariantGroup section */

/* Begin XCBuildConfiguration section */
		016BA8AB213D777600ADAA65 /* Debug */ = {
			isa = XCBuildConfiguration;
			buildSettings = {
				ALWAYS_SEARCH_USER_PATHS = NO;
				CLANG_ANALYZER_NONNULL = YES;
				CLANG_ANALYZER_NUMBER_OBJECT_CONVERSION = YES_AGGRESSIVE;
				CLANG_CXX_LANGUAGE_STANDARD = "gnu++14";
				CLANG_CXX_LIBRARY = "libc++";
				CLANG_ENABLE_MODULES = YES;
				CLANG_ENABLE_OBJC_ARC = YES;
				CLANG_ENABLE_OBJC_WEAK = YES;
				CLANG_WARN_BLOCK_CAPTURE_AUTORELEASING = YES;
				CLANG_WARN_BOOL_CONVERSION = YES;
				CLANG_WARN_COMMA = YES;
				CLANG_WARN_CONSTANT_CONVERSION = YES;
				CLANG_WARN_DEPRECATED_OBJC_IMPLEMENTATIONS = YES;
				CLANG_WARN_DIRECT_OBJC_ISA_USAGE = YES_ERROR;
				CLANG_WARN_DOCUMENTATION_COMMENTS = YES;
				CLANG_WARN_EMPTY_BODY = YES;
				CLANG_WARN_ENUM_CONVERSION = YES;
				CLANG_WARN_INFINITE_RECURSION = YES;
				CLANG_WARN_INT_CONVERSION = YES;
				CLANG_WARN_NON_LITERAL_NULL_CONVERSION = YES;
				CLANG_WARN_OBJC_IMPLICIT_RETAIN_SELF = YES;
				CLANG_WARN_OBJC_LITERAL_CONVERSION = YES;
				CLANG_WARN_OBJC_ROOT_CLASS = YES_ERROR;
				CLANG_WARN_RANGE_LOOP_ANALYSIS = YES;
				CLANG_WARN_STRICT_PROTOTYPES = YES;
				CLANG_WARN_SUSPICIOUS_MOVE = YES;
				CLANG_WARN_UNGUARDED_AVAILABILITY = YES_AGGRESSIVE;
				CLANG_WARN_UNREACHABLE_CODE = YES;
				CLANG_WARN__DUPLICATE_METHOD_MATCH = YES;
				CODE_SIGN_IDENTITY = "iPhone Developer";
				COPY_PHASE_STRIP = NO;
				DEBUG_INFORMATION_FORMAT = dwarf;
				ENABLE_STRICT_OBJC_MSGSEND = YES;
				ENABLE_TESTABILITY = YES;
				GCC_C_LANGUAGE_STANDARD = gnu11;
				GCC_DYNAMIC_NO_PIC = NO;
				GCC_NO_COMMON_BLOCKS = YES;
				GCC_OPTIMIZATION_LEVEL = 0;
				GCC_PREPROCESSOR_DEFINITIONS = (
					"DEBUG=1",
					"$(inherited)",
				);
				GCC_WARN_64_TO_32_BIT_CONVERSION = YES;
				GCC_WARN_ABOUT_RETURN_TYPE = YES_ERROR;
				GCC_WARN_UNDECLARED_SELECTOR = YES;
				GCC_WARN_UNINITIALIZED_AUTOS = YES_AGGRESSIVE;
				GCC_WARN_UNUSED_FUNCTION = YES;
				GCC_WARN_UNUSED_VARIABLE = YES;
				IPHONEOS_DEPLOYMENT_TARGET = 11.4;
				MTL_ENABLE_DEBUG_INFO = YES;
				ONLY_ACTIVE_ARCH = YES;
				SDKROOT = iphoneos;
				SWIFT_ACTIVE_COMPILATION_CONDITIONS = DEBUG;
				SWIFT_OPTIMIZATION_LEVEL = "-Onone";
			};
			name = Debug;
		};
		016BA8AC213D777600ADAA65 /* Release */ = {
			isa = XCBuildConfiguration;
			buildSettings = {
				ALWAYS_SEARCH_USER_PATHS = NO;
				CLANG_ANALYZER_NONNULL = YES;
				CLANG_ANALYZER_NUMBER_OBJECT_CONVERSION = YES_AGGRESSIVE;
				CLANG_CXX_LANGUAGE_STANDARD = "gnu++14";
				CLANG_CXX_LIBRARY = "libc++";
				CLANG_ENABLE_MODULES = YES;
				CLANG_ENABLE_OBJC_ARC = YES;
				CLANG_ENABLE_OBJC_WEAK = YES;
				CLANG_WARN_BLOCK_CAPTURE_AUTORELEASING = YES;
				CLANG_WARN_BOOL_CONVERSION = YES;
				CLANG_WARN_COMMA = YES;
				CLANG_WARN_CONSTANT_CONVERSION = YES;
				CLANG_WARN_DEPRECATED_OBJC_IMPLEMENTATIONS = YES;
				CLANG_WARN_DIRECT_OBJC_ISA_USAGE = YES_ERROR;
				CLANG_WARN_DOCUMENTATION_COMMENTS = YES;
				CLANG_WARN_EMPTY_BODY = YES;
				CLANG_WARN_ENUM_CONVERSION = YES;
				CLANG_WARN_INFINITE_RECURSION = YES;
				CLANG_WARN_INT_CONVERSION = YES;
				CLANG_WARN_NON_LITERAL_NULL_CONVERSION = YES;
				CLANG_WARN_OBJC_IMPLICIT_RETAIN_SELF = YES;
				CLANG_WARN_OBJC_LITERAL_CONVERSION = YES;
				CLANG_WARN_OBJC_ROOT_CLASS = YES_ERROR;
				CLANG_WARN_RANGE_LOOP_ANALYSIS = YES;
				CLANG_WARN_STRICT_PROTOTYPES = YES;
				CLANG_WARN_SUSPICIOUS_MOVE = YES;
				CLANG_WARN_UNGUARDED_AVAILABILITY = YES_AGGRESSIVE;
				CLANG_WARN_UNREACHABLE_CODE = YES;
				CLANG_WARN__DUPLICATE_METHOD_MATCH = YES;
				CODE_SIGN_IDENTITY = "iPhone Developer";
				COPY_PHASE_STRIP = NO;
				DEBUG_INFORMATION_FORMAT = "dwarf-with-dsym";
				ENABLE_NS_ASSERTIONS = NO;
				ENABLE_STRICT_OBJC_MSGSEND = YES;
				GCC_C_LANGUAGE_STANDARD = gnu11;
				GCC_NO_COMMON_BLOCKS = YES;
				GCC_WARN_64_TO_32_BIT_CONVERSION = YES;
				GCC_WARN_ABOUT_RETURN_TYPE = YES_ERROR;
				GCC_WARN_UNDECLARED_SELECTOR = YES;
				GCC_WARN_UNINITIALIZED_AUTOS = YES_AGGRESSIVE;
				GCC_WARN_UNUSED_FUNCTION = YES;
				GCC_WARN_UNUSED_VARIABLE = YES;
				IPHONEOS_DEPLOYMENT_TARGET = 11.4;
				MTL_ENABLE_DEBUG_INFO = NO;
				SDKROOT = iphoneos;
				SWIFT_COMPILATION_MODE = wholemodule;
				SWIFT_OPTIMIZATION_LEVEL = "-O";
				VALIDATE_PRODUCT = YES;
			};
			name = Release;
		};
		016BA8AE213D777600ADAA65 /* Debug */ = {
			isa = XCBuildConfiguration;
			baseConfigurationReference = 2CC9A73F3DA6AA3C374BD2FB /* Pods-LebensfitFirebase.debug.xcconfig */;
			buildSettings = {
				ASSETCATALOG_COMPILER_APPICON_NAME = AppIcon;
				CODE_SIGN_STYLE = Automatic;
				DEVELOPMENT_TEAM = NAVXLKMRN3;
				INFOPLIST_FILE = LebensfitFirebase/Info.plist;
				LD_RUNPATH_SEARCH_PATHS = (
					"$(inherited)",
					"@executable_path/Frameworks",
				);
				PRODUCT_BUNDLE_IDENTIFIER = helgcreating.LebensfitFirebase;
				PRODUCT_NAME = "$(TARGET_NAME)";
				SWIFT_VERSION = 4.0;
				TARGETED_DEVICE_FAMILY = "1,2";
			};
			name = Debug;
		};
		016BA8AF213D777600ADAA65 /* Release */ = {
			isa = XCBuildConfiguration;
			baseConfigurationReference = 5EC62E27B26362BB6A9BEDCE /* Pods-LebensfitFirebase.release.xcconfig */;
			buildSettings = {
				ASSETCATALOG_COMPILER_APPICON_NAME = AppIcon;
				CODE_SIGN_STYLE = Automatic;
				DEVELOPMENT_TEAM = NAVXLKMRN3;
				INFOPLIST_FILE = LebensfitFirebase/Info.plist;
				LD_RUNPATH_SEARCH_PATHS = (
					"$(inherited)",
					"@executable_path/Frameworks",
				);
				PRODUCT_BUNDLE_IDENTIFIER = helgcreating.LebensfitFirebase;
				PRODUCT_NAME = "$(TARGET_NAME)";
				SWIFT_VERSION = 4.0;
				TARGETED_DEVICE_FAMILY = "1,2";
			};
			name = Release;
		};
/* End XCBuildConfiguration section */

/* Begin XCConfigurationList section */
		016BA893213D777500ADAA65 /* Build configuration list for PBXProject "LebensfitFirebase" */ = {
			isa = XCConfigurationList;
			buildConfigurations = (
				016BA8AB213D777600ADAA65 /* Debug */,
				016BA8AC213D777600ADAA65 /* Release */,
			);
			defaultConfigurationIsVisible = 0;
			defaultConfigurationName = Release;
		};
		016BA8AD213D777600ADAA65 /* Build configuration list for PBXNativeTarget "LebensfitFirebase" */ = {
			isa = XCConfigurationList;
			buildConfigurations = (
				016BA8AE213D777600ADAA65 /* Debug */,
				016BA8AF213D777600ADAA65 /* Release */,
			);
			defaultConfigurationIsVisible = 0;
			defaultConfigurationName = Release;
		};
/* End XCConfigurationList section */

/* Begin XCVersionGroup section */
		016BA8A2213D777500ADAA65 /* LebensfitFirebase.xcdatamodeld */ = {
			isa = XCVersionGroup;
			children = (
				016BA8A3213D777500ADAA65 /* LebensfitFirebase.xcdatamodel */,
			);
			currentVersion = 016BA8A3213D777500ADAA65 /* LebensfitFirebase.xcdatamodel */;
			path = LebensfitFirebase.xcdatamodeld;
			sourceTree = "<group>";
			versionGroupType = wrapper.xcdatamodel;
		};
/* End XCVersionGroup section */
	};
	rootObject = 016BA890213D777500ADAA65 /* Project object */;
}
