// !$*UTF8*$!
{
	archiveVersion = 1;
	classes = {
	};
	objectVersion = 50;
	objects = {

/* Begin PBXBuildFile section */
		016BA89C213D777500ADAA65 /* AppDelegate.swift in Sources */ = {isa = PBXBuildFile; fileRef = 016BA89B213D777500ADAA65 /* AppDelegate.swift */; };
		016BA89E213D777500ADAA65 /* ViewController.swift in Sources */ = {isa = PBXBuildFile; fileRef = 016BA89D213D777500ADAA65 /* ViewController.swift */; };
		016BA8A1213D777500ADAA65 /* Main.storyboard in Resources */ = {isa = PBXBuildFile; fileRef = 016BA89F213D777500ADAA65 /* Main.storyboard */; };
		016BA8A4213D777500ADAA65 /* LebensfitFirebase.xcdatamodeld in Sources */ = {isa = PBXBuildFile; fileRef = 016BA8A2213D777500ADAA65 /* LebensfitFirebase.xcdatamodeld */; };
		016BA8A6213D777600ADAA65 /* Assets.xcassets in Resources */ = {isa = PBXBuildFile; fileRef = 016BA8A5213D777600ADAA65 /* Assets.xcassets */; };
		016BA8A9213D777600ADAA65 /* LaunchScreen.storyboard in Resources */ = {isa = PBXBuildFile; fileRef = 016BA8A7213D777600ADAA65 /* LaunchScreen.storyboard */; };
/* End PBXBuildFile section */

/* Begin PBXFileReference section */
		016BA898213D777500ADAA65 /* LebensfitFirebase.app */ = {isa = PBXFileReference; explicitFileType = wrapper.application; includeInIndex = 0; path = LebensfitFirebase.app; sourceTree = BUILT_PRODUCTS_DIR; };
		016BA89B213D777500ADAA65 /* AppDelegate.swift */ = {isa = PBXFileReference; lastKnownFileType = sourcecode.swift; path = AppDelegate.swift; sourceTree = "<group>"; };
		016BA89D213D777500ADAA65 /* ViewController.swift */ = {isa = PBXFileReference; lastKnownFileType = sourcecode.swift; path = ViewController.swift; sourceTree = "<group>"; };
		016BA8A0213D777500ADAA65 /* Base */ = {isa = PBXFileReference; lastKnownFileType = file.storyboard; name = Base; path = Base.lproj/Main.storyboard; sourceTree = "<group>"; };
		016BA8A3213D777500ADAA65 /* LebensfitFirebase.xcdatamodel */ = {isa = PBXFileReference; lastKnownFileType = wrapper.xcdatamodel; path = LebensfitFirebase.xcdatamodel; sourceTree = "<group>"; };
		016BA8A5213D777600ADAA65 /* Assets.xcassets */ = {isa = PBXFileReference; lastKnownFileType = folder.assetcatalog; path = Assets.xcassets; sourceTree = "<group>"; };
		016BA8A8213D777600ADAA65 /* Base */ = {isa = PBXFileReference; lastKnownFileType = file.storyboard; name = Base; path = Base.lproj/LaunchScreen.storyboard; sourceTree = "<group>"; };
		016BA8AA213D777600ADAA65 /* Info.plist */ = {isa = PBXFileReference; lastKnownFileType = text.plist.xml; path = Info.plist; sourceTree = "<group>"; };
/* End PBXFileReference section */

/* Begin PBXFrameworksBuildPhase section */
		016BA895213D777500ADAA65 /* Frameworks */ = {
			isa = PBXFrameworksBuildPhase;
			buildActionMask = 2147483647;
			files = (
			);
			runOnlyForDeploymentPostprocessing = 0;
		};
/* End PBXFrameworksBuildPhase section */

/* Begin PBXGroup section */
		016BA88F213D777500ADAA65 = {
			isa = PBXGroup;
			children = (
				016BA89A213D777500ADAA65 /* LebensfitFirebase */,
				016BA899213D777500ADAA65 /* Products */,
			);
			sourceTree = "<group>";
		};
		016BA899213D777500ADAA65 /* Products */ = {
			isa = PBXGroup;
			children = (
				016BA898213D777500ADAA65 /* LebensfitFirebase.app */,
			);
			name = Products;
			sourceTree = "<group>";
		};
		016BA89A213D777500ADAA65 /* LebensfitFirebase */ = {
			isa = PBXGroup;
			children = (
				016BA89B213D777500ADAA65 /* AppDelegate.swift */,
				016BA89D213D777500ADAA65 /* ViewController.swift */,
				016BA89F213D777500ADAA65 /* Main.storyboard */,
				016BA8A5213D777600ADAA65 /* Assets.xcassets */,
				016BA8A7213D777600ADAA65 /* LaunchScreen.storyboard */,
				016BA8AA213D777600ADAA65 /* Info.plist */,
				016BA8A2213D777500ADAA65 /* LebensfitFirebase.xcdatamodeld */,
			);
			path = LebensfitFirebase;
			sourceTree = "<group>";
		};
/* End PBXGroup section */

/* Begin PBXNativeTarget section */
		016BA897213D777500ADAA65 /* LebensfitFirebase */ = {
			isa = PBXNativeTarget;
			buildConfigurationList = 016BA8AD213D777600ADAA65 /* Build configuration list for PBXNativeTarget "LebensfitFirebase" */;
			buildPhases = (
				016BA894213D777500ADAA65 /* Sources */,
				016BA895213D777500ADAA65 /* Frameworks */,
				016BA896213D777500ADAA65 /* Resources */,
			);
			buildRules = (
			);
			dependencies = (
			);
			name = LebensfitFirebase;
			productName = LebensfitFirebase;
			productReference = 016BA898213D777500ADAA65 /* LebensfitFirebase.app */;
			productType = "com.apple.product-type.application";
		};
/* End PBXNativeTarget section */

/* Begin PBXProject section */
		016BA890213D777500ADAA65 /* Project object */ = {
			isa = PBXProject;
			attributes = {
				LastSwiftUpdateCheck = 0940;
				LastUpgradeCheck = 0940;
				ORGANIZATIONNAME = helgcreating;
				TargetAttributes = {
					016BA897213D777500ADAA65 = {
						CreatedOnToolsVersion = 9.4.1;
					};
				};
			};
			buildConfigurationList = 016BA893213D777500ADAA65 /* Build configuration list for PBXProject "LebensfitFirebase" */;
			compatibilityVersion = "Xcode 9.3";
			developmentRegion = en;
			hasScannedForEncodings = 0;
			knownRegions = (
				en,
				Base,
			);
			mainGroup = 016BA88F213D777500ADAA65;
			productRefGroup = 016BA899213D777500ADAA65 /* Products */;
			projectDirPath = "";
			projectRoot = "";
			targets = (
				016BA897213D777500ADAA65 /* LebensfitFirebase */,
			);
		};
/* End PBXProject section */

/* Begin PBXResourcesBuildPhase section */
		016BA896213D777500ADAA65 /* Resources */ = {
			isa = PBXResourcesBuildPhase;
			buildActionMask = 2147483647;
			files = (
				016BA8A9213D777600ADAA65 /* LaunchScreen.storyboard in Resources */,
				016BA8A6213D777600ADAA65 /* Assets.xcassets in Resources */,
				016BA8A1213D777500ADAA65 /* Main.storyboard in Resources */,
			);
			runOnlyForDeploymentPostprocessing = 0;
		};
/* End PBXResourcesBuildPhase section */

/* Begin PBXSourcesBuildPhase section */
		016BA894213D777500ADAA65 /* Sources */ = {
			isa = PBXSourcesBuildPhase;
			buildActionMask = 2147483647;
			files = (
				016BA89E213D777500ADAA65 /* ViewController.swift in Sources */,
				016BA89C213D777500ADAA65 /* AppDelegate.swift in Sources */,
				016BA8A4213D777500ADAA65 /* LebensfitFirebase.xcdatamodeld in Sources */,
			);
			runOnlyForDeploymentPostprocessing = 0;
		};
/* End PBXSourcesBuildPhase section */

/* Begin PBXVariantGroup section */
		016BA89F213D777500ADAA65 /* Main.storyboard */ = {
			isa = PBXVariantGroup;
			children = (
				016BA8A0213D777500ADAA65 /* Base */,
			);
			name = Main.storyboard;
			sourceTree = "<group>";
		};
		016BA8A7213D777600ADAA65 /* LaunchScreen.storyboard */ = {
			isa = PBXVariantGroup;
			children = (
				016BA8A8213D777600ADAA65 /* Base */,
			);
			name = LaunchScreen.storyboard;
			sourceTree = "<group>";
		};
/* End PBXVariantGroup section */

/* Begin XCBuildConfiguration section */
		016BA8AB213D777600ADAA65 /* Debug */ = {
			isa = XCBuildConfiguration;
			buildSettings = {
				ALWAYS_SEARCH_USER_PATHS = NO;
				CLANG_ANALYZER_NONNULL = YES;
				CLANG_ANALYZER_NUMBER_OBJECT_CONVERSION = YES_AGGRESSIVE;
				CLANG_CXX_LANGUAGE_STANDARD = "gnu++14";
				CLANG_CXX_LIBRARY = "libc++";
				CLANG_ENABLE_MODULES = YES;
				CLANG_ENABLE_OBJC_ARC = YES;
				CLANG_ENABLE_OBJC_WEAK = YES;
				CLANG_WARN_BLOCK_CAPTURE_AUTORELEASING = YES;
				CLANG_WARN_BOOL_CONVERSION = YES;
				CLANG_WARN_COMMA = YES;
				CLANG_WARN_CONSTANT_CONVERSION = YES;
				CLANG_WARN_DEPRECATED_OBJC_IMPLEMENTATIONS = YES;
				CLANG_WARN_DIRECT_OBJC_ISA_USAGE = YES_ERROR;
				CLANG_WARN_DOCUMENTATION_COMMENTS = YES;
				CLANG_WARN_EMPTY_BODY = YES;
				CLANG_WARN_ENUM_CONVERSION = YES;
				CLANG_WARN_INFINITE_RECURSION = YES;
				CLANG_WARN_INT_CONVERSION = YES;
				CLANG_WARN_NON_LITERAL_NULL_CONVERSION = YES;
				CLANG_WARN_OBJC_IMPLICIT_RETAIN_SELF = YES;
				CLANG_WARN_OBJC_LITERAL_CONVERSION = YES;
				CLANG_WARN_OBJC_ROOT_CLASS = YES_ERROR;
				CLANG_WARN_RANGE_LOOP_ANALYSIS = YES;
				CLANG_WARN_STRICT_PROTOTYPES = YES;
				CLANG_WARN_SUSPICIOUS_MOVE = YES;
				CLANG_WARN_UNGUARDED_AVAILABILITY = YES_AGGRESSIVE;
				CLANG_WARN_UNREACHABLE_CODE = YES;
				CLANG_WARN__DUPLICATE_METHOD_MATCH = YES;
				CODE_SIGN_IDENTITY = "iPhone Developer";
				COPY_PHASE_STRIP = NO;
				DEBUG_INFORMATION_FORMAT = dwarf;
				ENABLE_STRICT_OBJC_MSGSEND = YES;
				ENABLE_TESTABILITY = YES;
				GCC_C_LANGUAGE_STANDARD = gnu11;
				GCC_DYNAMIC_NO_PIC = NO;
				GCC_NO_COMMON_BLOCKS = YES;
				GCC_OPTIMIZATION_LEVEL = 0;
				GCC_PREPROCESSOR_DEFINITIONS = (
					"DEBUG=1",
					"$(inherited)",
				);
				GCC_WARN_64_TO_32_BIT_CONVERSION = YES;
				GCC_WARN_ABOUT_RETURN_TYPE = YES_ERROR;
				GCC_WARN_UNDECLARED_SELECTOR = YES;
				GCC_WARN_UNINITIALIZED_AUTOS = YES_AGGRESSIVE;
				GCC_WARN_UNUSED_FUNCTION = YES;
				GCC_WARN_UNUSED_VARIABLE = YES;
				IPHONEOS_DEPLOYMENT_TARGET = 11.4;
				MTL_ENABLE_DEBUG_INFO = YES;
				ONLY_ACTIVE_ARCH = YES;
				SDKROOT = iphoneos;
				SWIFT_ACTIVE_COMPILATION_CONDITIONS = DEBUG;
				SWIFT_OPTIMIZATION_LEVEL = "-Onone";
			};
			name = Debug;
		};
		016BA8AC213D777600ADAA65 /* Release */ = {
			isa = XCBuildConfiguration;
			buildSettings = {
				ALWAYS_SEARCH_USER_PATHS = NO;
				CLANG_ANALYZER_NONNULL = YES;
				CLANG_ANALYZER_NUMBER_OBJECT_CONVERSION = YES_AGGRESSIVE;
				CLANG_CXX_LANGUAGE_STANDARD = "gnu++14";
				CLANG_CXX_LIBRARY = "libc++";
				CLANG_ENABLE_MODULES = YES;
				CLANG_ENABLE_OBJC_ARC = YES;
				CLANG_ENABLE_OBJC_WEAK = YES;
				CLANG_WARN_BLOCK_CAPTURE_AUTORELEASING = YES;
				CLANG_WARN_BOOL_CONVERSION = YES;
				CLANG_WARN_COMMA = YES;
				CLANG_WARN_CONSTANT_CONVERSION = YES;
				CLANG_WARN_DEPRECATED_OBJC_IMPLEMENTATIONS = YES;
				CLANG_WARN_DIRECT_OBJC_ISA_USAGE = YES_ERROR;
				CLANG_WARN_DOCUMENTATION_COMMENTS = YES;
				CLANG_WARN_EMPTY_BODY = YES;
				CLANG_WARN_ENUM_CONVERSION = YES;
				CLANG_WARN_INFINITE_RECURSION = YES;
				CLANG_WARN_INT_CONVERSION = YES;
				CLANG_WARN_NON_LITERAL_NULL_CONVERSION = YES;
				CLANG_WARN_OBJC_IMPLICIT_RETAIN_SELF = YES;
				CLANG_WARN_OBJC_LITERAL_CONVERSION = YES;
				CLANG_WARN_OBJC_ROOT_CLASS = YES_ERROR;
				CLANG_WARN_RANGE_LOOP_ANALYSIS = YES;
				CLANG_WARN_STRICT_PROTOTYPES = YES;
				CLANG_WARN_SUSPICIOUS_MOVE = YES;
				CLANG_WARN_UNGUARDED_AVAILABILITY = YES_AGGRESSIVE;
				CLANG_WARN_UNREACHABLE_CODE = YES;
				CLANG_WARN__DUPLICATE_METHOD_MATCH = YES;
				CODE_SIGN_IDENTITY = "iPhone Developer";
				COPY_PHASE_STRIP = NO;
				DEBUG_INFORMATION_FORMAT = "dwarf-with-dsym";
				ENABLE_NS_ASSERTIONS = NO;
				ENABLE_STRICT_OBJC_MSGSEND = YES;
				GCC_C_LANGUAGE_STANDARD = gnu11;
				GCC_NO_COMMON_BLOCKS = YES;
				GCC_WARN_64_TO_32_BIT_CONVERSION = YES;
				GCC_WARN_ABOUT_RETURN_TYPE = YES_ERROR;
				GCC_WARN_UNDECLARED_SELECTOR = YES;
				GCC_WARN_UNINITIALIZED_AUTOS = YES_AGGRESSIVE;
				GCC_WARN_UNUSED_FUNCTION = YES;
				GCC_WARN_UNUSED_VARIABLE = YES;
				IPHONEOS_DEPLOYMENT_TARGET = 11.4;
				MTL_ENABLE_DEBUG_INFO = NO;
				SDKROOT = iphoneos;
				SWIFT_COMPILATION_MODE = wholemodule;
				SWIFT_OPTIMIZATION_LEVEL = "-O";
				VALIDATE_PRODUCT = YES;
			};
			name = Release;
		};
		016BA8AE213D777600ADAA65 /* Debug */ = {
			isa = XCBuildConfiguration;
			buildSettings = {
				ASSETCATALOG_COMPILER_APPICON_NAME = AppIcon;
				CODE_SIGN_STYLE = Automatic;
				DEVELOPMENT_TEAM = NAVXLKMRN3;
				INFOPLIST_FILE = LebensfitFirebase/Info.plist;
				LD_RUNPATH_SEARCH_PATHS = (
					"$(inherited)",
					"@executable_path/Frameworks",
				);
				PRODUCT_BUNDLE_IDENTIFIER = helgcreating.LebensfitFirebase;
				PRODUCT_NAME = "$(TARGET_NAME)";
				SWIFT_VERSION = 4.0;
				TARGETED_DEVICE_FAMILY = "1,2";
			};
			name = Debug;
		};
		016BA8AF213D777600ADAA65 /* Release */ = {
			isa = XCBuildConfiguration;
			buildSettings = {
				ASSETCATALOG_COMPILER_APPICON_NAME = AppIcon;
				CODE_SIGN_STYLE = Automatic;
				DEVELOPMENT_TEAM = NAVXLKMRN3;
				INFOPLIST_FILE = LebensfitFirebase/Info.plist;
				LD_RUNPATH_SEARCH_PATHS = (
					"$(inherited)",
					"@executable_path/Frameworks",
				);
				PRODUCT_BUNDLE_IDENTIFIER = helgcreating.LebensfitFirebase;
				PRODUCT_NAME = "$(TARGET_NAME)";
				SWIFT_VERSION = 4.0;
				TARGETED_DEVICE_FAMILY = "1,2";
			};
			name = Release;
		};
/* End XCBuildConfiguration section */

/* Begin XCConfigurationList section */
		016BA893213D777500ADAA65 /* Build configuration list for PBXProject "LebensfitFirebase" */ = {
			isa = XCConfigurationList;
			buildConfigurations = (
				016BA8AB213D777600ADAA65 /* Debug */,
				016BA8AC213D777600ADAA65 /* Release */,
			);
			defaultConfigurationIsVisible = 0;
			defaultConfigurationName = Release;
		};
		016BA8AD213D777600ADAA65 /* Build configuration list for PBXNativeTarget "LebensfitFirebase" */ = {
			isa = XCConfigurationList;
			buildConfigurations = (
				016BA8AE213D777600ADAA65 /* Debug */,
				016BA8AF213D777600ADAA65 /* Release */,
			);
			defaultConfigurationIsVisible = 0;
			defaultConfigurationName = Release;
		};
/* End XCConfigurationList section */

/* Begin XCVersionGroup section */
		016BA8A2213D777500ADAA65 /* LebensfitFirebase.xcdatamodeld */ = {
			isa = XCVersionGroup;
			children = (
				016BA8A3213D777500ADAA65 /* LebensfitFirebase.xcdatamodel */,
			);
			currentVersion = 016BA8A3213D777500ADAA65 /* LebensfitFirebase.xcdatamodel */;
			path = LebensfitFirebase.xcdatamodeld;
			sourceTree = "<group>";
			versionGroupType = wrapper.xcdatamodel;
		};
/* End XCVersionGroup section */
	};
	rootObject = 016BA890213D777500ADAA65 /* Project object */;
}
